
Microsoft Visual Studio Solution File, Format Version 12.00
# Visual Studio Version 17
VisualStudioVersion = 17.5.002.0
MinimumVisualStudioVersion = 10.0.40219.1
Project("{9A19103F-16F7-4668-BE54-9A1E7A4F7556}") = "hw3", "hw3.csproj", "{B6F87974-B54C-41C9-9CDF-ACBCBA89C5A9}"
EndProject
Global
	GlobalSection(SolutionConfigurationPlatforms) = preSolution
		Debug|Any CPU = Debug|Any CPU
		Release|Any CPU = Release|Any CPU
	EndGlobalSection
	GlobalSection(ProjectConfigurationPlatforms) = postSolution
		{B6F87974-B54C-41C9-9CDF-ACBCBA89C5A9}.Debug|Any CPU.ActiveCfg = Debug|Any CPU
		{B6F87974-B54C-41C9-9CDF-ACBCBA89C5A9}.Debug|Any CPU.Build.0 = Debug|Any CPU
		{B6F87974-B54C-41C9-9CDF-ACBCBA89C5A9}.Release|Any CPU.ActiveCfg = Release|Any CPU
		{B6F87974-B54C-41C9-9CDF-ACBCBA89C5A9}.Release|Any CPU.Build.0 = Release|Any CPU
	EndGlobalSection
	GlobalSection(SolutionProperties) = preSolution
		HideSolutionNode = FALSE
	EndGlobalSection
	GlobalSection(ExtensibilityGlobals) = postSolution
		SolutionGuid = {678CB840-1D07-4201-AED4-48A684365A0F}
	EndGlobalSection
EndGlobal
